{
  "originHash" : "103688d1171ab29fd0400ae6f8a32a116d59d97840003755838c9d2f17367c53",
  "pins" : [
    {
      "identity" : "alamofire",
      "kind" : "remoteSourceControl",
      "location" : "https://github.com/Alamofire/Alamofire.git",
      "state" : {
        "revision" : "513364f870f6bfc468f9d2ff0a95caccc10044c5",
        "version" : "5.10.2"
      }
    },
    {
      "identity" : "chtcollectionviewwaterfalllayout",
      "kind" : "remoteSourceControl",
      "location" : "https://github.com/chiahsien/CHTCollectionViewWaterfallLayout",
      "state" : {
        "revision" : "1fe42247efc8aea1ad03332d2b44f2d7fb1644bc",
        "version" : "0.9.10"
      }
    },
    {
      "identity" : "kingfisher",
      "kind" : "remoteSourceControl",
      "location" : "https://github.com/onevcat/Kingfisher.git",
      "state" : {
        "revision" : "2015fda791daa72c8058619545a593bf8c1dd59f",
        "version" : "8.5.0"
      }
    },
    {
      "identity" : "snapkit",
      "kind" : "remoteSourceControl",
      "location" : "https://github.com/SnapKit/SnapKit.git",
      "state" : {
        "revision" : "2842e6e84e82eb9a8dac0100ca90d9444b0307f4",
        "version" : "5.7.1"
      }
    }
  ],
  "version" : 3
}
